
Microsoft Visual Studio Solution File, Format Version 12.00
# Visual Studio 14
VisualStudioVersion = 14.0.25420.1
MinimumVisualStudioVersion = 10.0.40219.1
Project("{FAE04EC0-301F-11D3-BF4B-00C04F79EFBC}") = "Slack.WebHook.ConsoleApp", "Slack.WebHook.ConsoleApp\Slack.WebHook.ConsoleApp.csproj", "{FA3EF780-E5AD-4C21-804B-FC2626F52C5B}"
EndProject
Project("{FAE04EC0-301F-11D3-BF4B-00C04F79EFBC}") = "Slack.WebHook.Data", "Slack.WebHook.Data\Slack.WebHook.Data.csproj", "{CF798CCD-56D4-40BA-B71E-9C580C884B94}"
EndProject
Global
	GlobalSection(SolutionConfigurationPlatforms) = preSolution
		Debug|Any CPU = Debug|Any CPU
		Release|Any CPU = Release|Any CPU
	EndGlobalSection
	GlobalSection(ProjectConfigurationPlatforms) = postSolution
		{FA3EF780-E5AD-4C21-804B-FC2626F52C5B}.Debug|Any CPU.ActiveCfg = Debug|Any CPU
		{FA3EF780-E5AD-4C21-804B-FC2626F52C5B}.Debug|Any CPU.Build.0 = Debug|Any CPU
		{FA3EF780-E5AD-4C21-804B-FC2626F52C5B}.Release|Any CPU.ActiveCfg = Release|Any CPU
		{FA3EF780-E5AD-4C21-804B-FC2626F52C5B}.Release|Any CPU.Build.0 = Release|Any CPU
		{CF798CCD-56D4-40BA-B71E-9C580C884B94}.Debug|Any CPU.ActiveCfg = Debug|Any CPU
		{CF798CCD-56D4-40BA-B71E-9C580C884B94}.Debug|Any CPU.Build.0 = Debug|Any CPU
		{CF798CCD-56D4-40BA-B71E-9C580C884B94}.Release|Any CPU.ActiveCfg = Release|Any CPU
		{CF798CCD-56D4-40BA-B71E-9C580C884B94}.Release|Any CPU.Build.0 = Release|Any CPU
	EndGlobalSection
	GlobalSection(SolutionProperties) = preSolution
		HideSolutionNode = FALSE
	EndGlobalSection
EndGlobal
